// !$*UTF8*$!
{
	archiveVersion = 1;
	classes = {
	};
	objectVersion = 46;
	objects = {

/* Begin PBXBuildFile section */
		0395E865B1CAC087C2D5D923 /* Pods_Demo_ObjC.framework in Frameworks */ = {isa = PBXBuildFile; fileRef = E900268ADBA4B7B95EE5B86C /* Pods_Demo_ObjC.framework */; };
		58223ABD1B69571C00F0DF97 /* main.m in Sources */ = {isa = PBXBuildFile; fileRef = 58223ABC1B69571C00F0DF97 /* main.m */; };
		58223AC01B69571C00F0DF97 /* AppDelegate.m in Sources */ = {isa = PBXBuildFile; fileRef = 58223ABF1B69571C00F0DF97 /* AppDelegate.m */; };
		58223AC31B69571C00F0DF97 /* ChannelListViewController.m in Sources */ = {isa = PBXBuildFile; fileRef = 58223AC21B69571C00F0DF97 /* ChannelListViewController.m */; };
		58223AC61B69571C00F0DF97 /* Main.storyboard in Resources */ = {isa = PBXBuildFile; fileRef = 58223AC41B69571C00F0DF97 /* Main.storyboard */; };
		58223AC81B69571C00F0DF97 /* Images.xcassets in Resources */ = {isa = PBXBuildFile; fileRef = 58223AC71B69571C00F0DF97 /* Images.xcassets */; };
		58223ACB1B69571C00F0DF97 /* LaunchScreen.xib in Resources */ = {isa = PBXBuildFile; fileRef = 58223AC91B69571C00F0DF97 /* LaunchScreen.xib */; };
		58223B4C1B6AA07600F0DF97 /* libc++.dylib in Frameworks */ = {isa = PBXBuildFile; fileRef = 58223B4B1B6AA07600F0DF97 /* libc++.dylib */; };
		583D81461B6FA82E00BF3C56 /* ChannelTableViewCell.m in Sources */ = {isa = PBXBuildFile; fileRef = 583D81451B6FA82E00BF3C56 /* ChannelTableViewCell.m */; };
		58652D051BC5BBC800250FEA /* MemberTypingTableViewCell.m in Sources */ = {isa = PBXBuildFile; fileRef = 58652D041BC5BBC800250FEA /* MemberTypingTableViewCell.m */; settings = {ASSET_TAGS = (); }; };
		58D509101B7B78D20093B5F1 /* ViewController.m in Sources */ = {isa = PBXBuildFile; fileRef = 58D5090F1B7B78D20093B5F1 /* ViewController.m */; };
		58D509131B7B7AF00093B5F1 /* MessageTableViewCell.m in Sources */ = {isa = PBXBuildFile; fileRef = 58D509121B7B7AF00093B5F1 /* MessageTableViewCell.m */; };
		58F878431BCD75450097F014 /* LoginViewController.m in Sources */ = {isa = PBXBuildFile; fileRef = 58F878421BCD75450097F014 /* LoginViewController.m */; settings = {ASSET_TAGS = (); }; };
		58F878461BCDA8930097F014 /* IPMessagingManager.m in Sources */ = {isa = PBXBuildFile; fileRef = 58F878451BCDA8930097F014 /* IPMessagingManager.m */; settings = {ASSET_TAGS = (); }; };
/* End PBXBuildFile section */

/* Begin PBXFileReference section */
		58223AB71B69571C00F0DF97 /* Demo-ObjC.app */ = {isa = PBXFileReference; explicitFileType = wrapper.application; includeInIndex = 0; path = "Demo-ObjC.app"; sourceTree = BUILT_PRODUCTS_DIR; };
		58223ABB1B69571C00F0DF97 /* Info.plist */ = {isa = PBXFileReference; lastKnownFileType = text.plist.xml; path = Info.plist; sourceTree = "<group>"; };
		58223ABC1B69571C00F0DF97 /* main.m */ = {isa = PBXFileReference; lastKnownFileType = sourcecode.c.objc; path = main.m; sourceTree = "<group>"; };
		58223ABE1B69571C00F0DF97 /* AppDelegate.h */ = {isa = PBXFileReference; lastKnownFileType = sourcecode.c.h; path = AppDelegate.h; sourceTree = "<group>"; };
		58223ABF1B69571C00F0DF97 /* AppDelegate.m */ = {isa = PBXFileReference; lastKnownFileType = sourcecode.c.objc; path = AppDelegate.m; sourceTree = "<group>"; };
		58223AC11B69571C00F0DF97 /* ChannelListViewController.h */ = {isa = PBXFileReference; lastKnownFileType = sourcecode.c.h; path = ChannelListViewController.h; sourceTree = "<group>"; };
		58223AC21B69571C00F0DF97 /* ChannelListViewController.m */ = {isa = PBXFileReference; lastKnownFileType = sourcecode.c.objc; path = ChannelListViewController.m; sourceTree = "<group>"; };
		58223AC51B69571C00F0DF97 /* Base */ = {isa = PBXFileReference; lastKnownFileType = file.storyboard; name = Base; path = Base.lproj/Main.storyboard; sourceTree = "<group>"; };
		58223AC71B69571C00F0DF97 /* Images.xcassets */ = {isa = PBXFileReference; lastKnownFileType = folder.assetcatalog; path = Images.xcassets; sourceTree = "<group>"; };
		58223ACA1B69571C00F0DF97 /* Base */ = {isa = PBXFileReference; lastKnownFileType = file.xib; name = Base; path = Base.lproj/LaunchScreen.xib; sourceTree = "<group>"; };
		58223B4B1B6AA07600F0DF97 /* libc++.dylib */ = {isa = PBXFileReference; lastKnownFileType = "compiled.mach-o.dylib"; name = "libc++.dylib"; path = "usr/lib/libc++.dylib"; sourceTree = SDKROOT; };
		583D81441B6FA82E00BF3C56 /* ChannelTableViewCell.h */ = {isa = PBXFileReference; fileEncoding = 4; lastKnownFileType = sourcecode.c.h; path = ChannelTableViewCell.h; sourceTree = "<group>"; };
		583D81451B6FA82E00BF3C56 /* ChannelTableViewCell.m */ = {isa = PBXFileReference; fileEncoding = 4; lastKnownFileType = sourcecode.c.objc; path = ChannelTableViewCell.m; sourceTree = "<group>"; };
		58652D031BC5BBC800250FEA /* MemberTypingTableViewCell.h */ = {isa = PBXFileReference; fileEncoding = 4; lastKnownFileType = sourcecode.c.h; path = MemberTypingTableViewCell.h; sourceTree = "<group>"; };
		58652D041BC5BBC800250FEA /* MemberTypingTableViewCell.m */ = {isa = PBXFileReference; fileEncoding = 4; lastKnownFileType = sourcecode.c.objc; path = MemberTypingTableViewCell.m; sourceTree = "<group>"; };
		58D5090E1B7B78D20093B5F1 /* ViewController.h */ = {isa = PBXFileReference; fileEncoding = 4; lastKnownFileType = sourcecode.c.h; path = ViewController.h; sourceTree = "<group>"; };
		58D5090F1B7B78D20093B5F1 /* ViewController.m */ = {isa = PBXFileReference; fileEncoding = 4; lastKnownFileType = sourcecode.c.objc; path = ViewController.m; sourceTree = "<group>"; };
		58D509111B7B7AF00093B5F1 /* MessageTableViewCell.h */ = {isa = PBXFileReference; fileEncoding = 4; lastKnownFileType = sourcecode.c.h; path = MessageTableViewCell.h; sourceTree = "<group>"; };
		58D509121B7B7AF00093B5F1 /* MessageTableViewCell.m */ = {isa = PBXFileReference; fileEncoding = 4; lastKnownFileType = sourcecode.c.objc; path = MessageTableViewCell.m; sourceTree = "<group>"; };
		58F878411BCD75450097F014 /* LoginViewController.h */ = {isa = PBXFileReference; fileEncoding = 4; lastKnownFileType = sourcecode.c.h; path = LoginViewController.h; sourceTree = "<group>"; };
		58F878421BCD75450097F014 /* LoginViewController.m */ = {isa = PBXFileReference; fileEncoding = 4; lastKnownFileType = sourcecode.c.objc; path = LoginViewController.m; sourceTree = "<group>"; };
		58F878441BCDA8930097F014 /* IPMessagingManager.h */ = {isa = PBXFileReference; fileEncoding = 4; lastKnownFileType = sourcecode.c.h; path = IPMessagingManager.h; sourceTree = "<group>"; };
		58F878451BCDA8930097F014 /* IPMessagingManager.m */ = {isa = PBXFileReference; fileEncoding = 4; lastKnownFileType = sourcecode.c.objc; path = IPMessagingManager.m; sourceTree = "<group>"; };
		81DA45402683C697E5F5DECE /* Pods-Demo-ObjC.debug.xcconfig */ = {isa = PBXFileReference; includeInIndex = 1; lastKnownFileType = text.xcconfig; name = "Pods-Demo-ObjC.debug.xcconfig"; path = "Pods/Target Support Files/Pods-Demo-ObjC/Pods-Demo-ObjC.debug.xcconfig"; sourceTree = "<group>"; };
		B6FE1248EEE2D5B206F967C4 /* Pods-Demo-ObjC.release.xcconfig */ = {isa = PBXFileReference; includeInIndex = 1; lastKnownFileType = text.xcconfig; name = "Pods-Demo-ObjC.release.xcconfig"; path = "Pods/Target Support Files/Pods-Demo-ObjC/Pods-Demo-ObjC.release.xcconfig"; sourceTree = "<group>"; };
		E900268ADBA4B7B95EE5B86C /* Pods_Demo_ObjC.framework */ = {isa = PBXFileReference; explicitFileType = wrapper.framework; includeInIndex = 0; path = Pods_Demo_ObjC.framework; sourceTree = BUILT_PRODUCTS_DIR; };
/* End PBXFileReference section */

/* Begin PBXFrameworksBuildPhase section */
		58223AB41B69571C00F0DF97 /* Frameworks */ = {
			isa = PBXFrameworksBuildPhase;
			buildActionMask = 2147483647;
			files = (
				58223B4C1B6AA07600F0DF97 /* libc++.dylib in Frameworks */,
				0395E865B1CAC087C2D5D923 /* Pods_Demo_ObjC.framework in Frameworks */,
			);
			runOnlyForDeploymentPostprocessing = 0;
		};
/* End PBXFrameworksBuildPhase section */

/* Begin PBXGroup section */
		0AE93DFC78865CB6DCB46016 /* Frameworks */ = {
			isa = PBXGroup;
			children = (
				E900268ADBA4B7B95EE5B86C /* Pods_Demo_ObjC.framework */,
			);
			name = Frameworks;
			sourceTree = "<group>";
		};
		58223AAE1B69571C00F0DF97 = {
			isa = PBXGroup;
			children = (
				58223B4B1B6AA07600F0DF97 /* libc++.dylib */,
				58223AB91B69571C00F0DF97 /* Demo-ObjC */,
				58223AB81B69571C00F0DF97 /* Products */,
				C130EAF4ED82EE78A4B942E0 /* Pods */,
				0AE93DFC78865CB6DCB46016 /* Frameworks */,
			);
			sourceTree = "<group>";
		};
		58223AB81B69571C00F0DF97 /* Products */ = {
			isa = PBXGroup;
			children = (
				58223AB71B69571C00F0DF97 /* Demo-ObjC.app */,
			);
			name = Products;
			sourceTree = "<group>";
		};
		58223AB91B69571C00F0DF97 /* Demo-ObjC */ = {
			isa = PBXGroup;
			children = (
				58223ABE1B69571C00F0DF97 /* AppDelegate.h */,
				58223ABF1B69571C00F0DF97 /* AppDelegate.m */,
				58D5090E1B7B78D20093B5F1 /* ViewController.h */,
				58D5090F1B7B78D20093B5F1 /* ViewController.m */,
				58223AC41B69571C00F0DF97 /* Main.storyboard */,
				58223AC71B69571C00F0DF97 /* Images.xcassets */,
				58223AC91B69571C00F0DF97 /* LaunchScreen.xib */,
				58223ABA1B69571C00F0DF97 /* Supporting Files */,
				58F878441BCDA8930097F014 /* IPMessagingManager.h */,
				58F878451BCDA8930097F014 /* IPMessagingManager.m */,
			);
			path = "Demo-ObjC";
			sourceTree = "<group>";
		};
		58223ABA1B69571C00F0DF97 /* Supporting Files */ = {
			isa = PBXGroup;
			children = (
				58D509111B7B7AF00093B5F1 /* MessageTableViewCell.h */,
				58D509121B7B7AF00093B5F1 /* MessageTableViewCell.m */,
				58652D031BC5BBC800250FEA /* MemberTypingTableViewCell.h */,
				58652D041BC5BBC800250FEA /* MemberTypingTableViewCell.m */,
				58F878411BCD75450097F014 /* LoginViewController.h */,
				58F878421BCD75450097F014 /* LoginViewController.m */,
				58223AC11B69571C00F0DF97 /* ChannelListViewController.h */,
				58223AC21B69571C00F0DF97 /* ChannelListViewController.m */,
				583D81441B6FA82E00BF3C56 /* ChannelTableViewCell.h */,
				583D81451B6FA82E00BF3C56 /* ChannelTableViewCell.m */,
				58223ABB1B69571C00F0DF97 /* Info.plist */,
				58223ABC1B69571C00F0DF97 /* main.m */,
			);
			name = "Supporting Files";
			sourceTree = "<group>";
		};
		C130EAF4ED82EE78A4B942E0 /* Pods */ = {
			isa = PBXGroup;
			children = (
				81DA45402683C697E5F5DECE /* Pods-Demo-ObjC.debug.xcconfig */,
				B6FE1248EEE2D5B206F967C4 /* Pods-Demo-ObjC.release.xcconfig */,
			);
			name = Pods;
			sourceTree = "<group>";
		};
/* End PBXGroup section */

/* Begin PBXNativeTarget section */
		58223AB61B69571C00F0DF97 /* Demo-ObjC */ = {
			isa = PBXNativeTarget;
			buildConfigurationList = 58223ADA1B69571C00F0DF97 /* Build configuration list for PBXNativeTarget "Demo-ObjC" */;
			buildPhases = (
				8717C11553AD7469FB94BAF3 /* Check Pods Manifest.lock */,
				58223AB31B69571C00F0DF97 /* Sources */,
				58223AB41B69571C00F0DF97 /* Frameworks */,
				58223AB51B69571C00F0DF97 /* Resources */,
				D59864F47AFF7BCB3A18CBB6 /* Embed Pods Frameworks */,
				BA774BB9FBB05806A4400BAB /* Copy Pods Resources */,
			);
			buildRules = (
			);
			dependencies = (
			);
			name = "Demo-ObjC";
			productName = "Demo-ObjC";
			productReference = 58223AB71B69571C00F0DF97 /* Demo-ObjC.app */;
			productType = "com.apple.product-type.application";
		};
/* End PBXNativeTarget section */

/* Begin PBXProject section */
		58223AAF1B69571C00F0DF97 /* Project object */ = {
			isa = PBXProject;
			attributes = {
				LastUpgradeCheck = 0700;
				ORGANIZATIONNAME = Twilio;
				TargetAttributes = {
					58223AB61B69571C00F0DF97 = {
						CreatedOnToolsVersion = 6.4;
					};
				};
			};
			buildConfigurationList = 58223AB21B69571C00F0DF97 /* Build configuration list for PBXProject "IPMQuickstart" */;
			compatibilityVersion = "Xcode 3.2";
			developmentRegion = English;
			hasScannedForEncodings = 0;
			knownRegions = (
				en,
				Base,
			);
			mainGroup = 58223AAE1B69571C00F0DF97;
			productRefGroup = 58223AB81B69571C00F0DF97 /* Products */;
			projectDirPath = "";
			projectRoot = "";
			targets = (
				58223AB61B69571C00F0DF97 /* Demo-ObjC */,
			);
		};
/* End PBXProject section */

/* Begin PBXResourcesBuildPhase section */
		58223AB51B69571C00F0DF97 /* Resources */ = {
			isa = PBXResourcesBuildPhase;
			buildActionMask = 2147483647;
			files = (
				58223AC61B69571C00F0DF97 /* Main.storyboard in Resources */,
				58223ACB1B69571C00F0DF97 /* LaunchScreen.xib in Resources */,
				58223AC81B69571C00F0DF97 /* Images.xcassets in Resources */,
			);
			runOnlyForDeploymentPostprocessing = 0;
		};
/* End PBXResourcesBuildPhase section */

/* Begin PBXShellScriptBuildPhase section */
		8717C11553AD7469FB94BAF3 /* Check Pods Manifest.lock */ = {
			isa = PBXShellScriptBuildPhase;
			buildActionMask = 2147483647;
			files = (
			);
			inputPaths = (
			);
			name = "Check Pods Manifest.lock";
			outputPaths = (
			);
			runOnlyForDeploymentPostprocessing = 0;
			shellPath = /bin/sh;
			shellScript = "diff \"${PODS_ROOT}/../Podfile.lock\" \"${PODS_ROOT}/Manifest.lock\" > /dev/null\nif [[ $? != 0 ]] ; then\n    cat << EOM\nerror: The sandbox is not in sync with the Podfile.lock. Run 'pod install' or update your CocoaPods installation.\nEOM\n    exit 1\nfi\n";
			showEnvVarsInLog = 0;
		};
		BA774BB9FBB05806A4400BAB /* Copy Pods Resources */ = {
			isa = PBXShellScriptBuildPhase;
			buildActionMask = 2147483647;
			files = (
			);
			inputPaths = (
			);
			name = "Copy Pods Resources";
			outputPaths = (
			);
			runOnlyForDeploymentPostprocessing = 0;
			shellPath = /bin/sh;
			shellScript = "\"${SRCROOT}/Pods/Target Support Files/Pods-Demo-ObjC/Pods-Demo-ObjC-resources.sh\"\n";
			showEnvVarsInLog = 0;
		};
		D59864F47AFF7BCB3A18CBB6 /* Embed Pods Frameworks */ = {
			isa = PBXShellScriptBuildPhase;
			buildActionMask = 2147483647;
			files = (
			);
			inputPaths = (
			);
			name = "Embed Pods Frameworks";
			outputPaths = (
			);
			runOnlyForDeploymentPostprocessing = 0;
			shellPath = /bin/sh;
			shellScript = "\"${SRCROOT}/Pods/Target Support Files/Pods-Demo-ObjC/Pods-Demo-ObjC-frameworks.sh\"\n";
			showEnvVarsInLog = 0;
		};
/* End PBXShellScriptBuildPhase section */

/* Begin PBXSourcesBuildPhase section */
		58223AB31B69571C00F0DF97 /* Sources */ = {
			isa = PBXSourcesBuildPhase;
			buildActionMask = 2147483647;
			files = (
				58223AC31B69571C00F0DF97 /* ChannelListViewController.m in Sources */,
				58D509101B7B78D20093B5F1 /* ViewController.m in Sources */,
				583D81461B6FA82E00BF3C56 /* ChannelTableViewCell.m in Sources */,
				58F878431BCD75450097F014 /* LoginViewController.m in Sources */,
				58652D051BC5BBC800250FEA /* MemberTypingTableViewCell.m in Sources */,
				58223AC01B69571C00F0DF97 /* AppDelegate.m in Sources */,
				58223ABD1B69571C00F0DF97 /* main.m in Sources */,
				58D509131B7B7AF00093B5F1 /* MessageTableViewCell.m in Sources */,
				58F878461BCDA8930097F014 /* IPMessagingManager.m in Sources */,
			);
			runOnlyForDeploymentPostprocessing = 0;
		};
/* End PBXSourcesBuildPhase section */

/* Begin PBXVariantGroup section */
		58223AC41B69571C00F0DF97 /* Main.storyboard */ = {
			isa = PBXVariantGroup;
			children = (
				58223AC51B69571C00F0DF97 /* Base */,
			);
			name = Main.storyboard;
			sourceTree = "<group>";
		};
		58223AC91B69571C00F0DF97 /* LaunchScreen.xib */ = {
			isa = PBXVariantGroup;
			children = (
				58223ACA1B69571C00F0DF97 /* Base */,
			);
			name = LaunchScreen.xib;
			sourceTree = "<group>";
		};
/* End PBXVariantGroup section */

/* Begin XCBuildConfiguration section */
		58223AD81B69571C00F0DF97 /* Debug */ = {
			isa = XCBuildConfiguration;
			buildSettings = {
				ALWAYS_SEARCH_USER_PATHS = NO;
				CLANG_CXX_LANGUAGE_STANDARD = "gnu++0x";
				CLANG_CXX_LIBRARY = "libc++";
				CLANG_ENABLE_MODULES = YES;
				CLANG_ENABLE_OBJC_ARC = YES;
				CLANG_WARN_BOOL_CONVERSION = YES;
				CLANG_WARN_CONSTANT_CONVERSION = YES;
				CLANG_WARN_DIRECT_OBJC_ISA_USAGE = YES_ERROR;
				CLANG_WARN_EMPTY_BODY = YES;
				CLANG_WARN_ENUM_CONVERSION = YES;
				CLANG_WARN_INT_CONVERSION = YES;
				CLANG_WARN_OBJC_ROOT_CLASS = YES_ERROR;
				CLANG_WARN_UNREACHABLE_CODE = YES;
				CLANG_WARN__DUPLICATE_METHOD_MATCH = YES;
				"CODE_SIGN_IDENTITY[sdk=iphoneos*]" = "iPhone Developer";
				COPY_PHASE_STRIP = NO;
				DEBUG_INFORMATION_FORMAT = "dwarf-with-dsym";
				ENABLE_BITCODE = NO;
				ENABLE_STRICT_OBJC_MSGSEND = YES;
				ENABLE_TESTABILITY = YES;
				GCC_C_LANGUAGE_STANDARD = gnu99;
				GCC_DYNAMIC_NO_PIC = NO;
				GCC_NO_COMMON_BLOCKS = YES;
				GCC_OPTIMIZATION_LEVEL = 0;
				GCC_PREPROCESSOR_DEFINITIONS = (
					"DEBUG=1",
					"$(inherited)",
				);
				GCC_SYMBOLS_PRIVATE_EXTERN = NO;
				GCC_WARN_64_TO_32_BIT_CONVERSION = YES;
				GCC_WARN_ABOUT_RETURN_TYPE = YES_ERROR;
				GCC_WARN_UNDECLARED_SELECTOR = YES;
				GCC_WARN_UNINITIALIZED_AUTOS = YES_AGGRESSIVE;
				GCC_WARN_UNUSED_FUNCTION = YES;
				GCC_WARN_UNUSED_VARIABLE = YES;
				IPHONEOS_DEPLOYMENT_TARGET = 8.0;
				MTL_ENABLE_DEBUG_INFO = YES;
				ONLY_ACTIVE_ARCH = YES;
				SDKROOT = iphoneos;
				TARGETED_DEVICE_FAMILY = "1,2";
			};
			name = Debug;
		};
		58223AD91B69571C00F0DF97 /* Release */ = {
			isa = XCBuildConfiguration;
			buildSettings = {
				ALWAYS_SEARCH_USER_PATHS = NO;
				CLANG_CXX_LANGUAGE_STANDARD = "gnu++0x";
				CLANG_CXX_LIBRARY = "libc++";
				CLANG_ENABLE_MODULES = YES;
				CLANG_ENABLE_OBJC_ARC = YES;
				CLANG_WARN_BOOL_CONVERSION = YES;
				CLANG_WARN_CONSTANT_CONVERSION = YES;
				CLANG_WARN_DIRECT_OBJC_ISA_USAGE = YES_ERROR;
				CLANG_WARN_EMPTY_BODY = YES;
				CLANG_WARN_ENUM_CONVERSION = YES;
				CLANG_WARN_INT_CONVERSION = YES;
				CLANG_WARN_OBJC_ROOT_CLASS = YES_ERROR;
				CLANG_WARN_UNREACHABLE_CODE = YES;
				CLANG_WARN__DUPLICATE_METHOD_MATCH = YES;
				"CODE_SIGN_IDENTITY[sdk=iphoneos*]" = "iPhone Developer";
				COPY_PHASE_STRIP = NO;
				DEBUG_INFORMATION_FORMAT = "dwarf-with-dsym";
				ENABLE_BITCODE = NO;
				ENABLE_NS_ASSERTIONS = NO;
				ENABLE_STRICT_OBJC_MSGSEND = YES;
				GCC_C_LANGUAGE_STANDARD = gnu99;
				GCC_NO_COMMON_BLOCKS = YES;
				GCC_WARN_64_TO_32_BIT_CONVERSION = YES;
				GCC_WARN_ABOUT_RETURN_TYPE = YES_ERROR;
				GCC_WARN_UNDECLARED_SELECTOR = YES;
				GCC_WARN_UNINITIALIZED_AUTOS = YES_AGGRESSIVE;
				GCC_WARN_UNUSED_FUNCTION = YES;
				GCC_WARN_UNUSED_VARIABLE = YES;
				IPHONEOS_DEPLOYMENT_TARGET = 8.0;
				MTL_ENABLE_DEBUG_INFO = NO;
				SDKROOT = iphoneos;
				TARGETED_DEVICE_FAMILY = "1,2";
				VALIDATE_PRODUCT = YES;
			};
			name = Release;
		};
		58223ADB1B69571C00F0DF97 /* Debug */ = {
			isa = XCBuildConfiguration;
			baseConfigurationReference = 81DA45402683C697E5F5DECE /* Pods-Demo-ObjC.debug.xcconfig */;
			buildSettings = {
				ASSETCATALOG_COMPILER_APPICON_NAME = AppIcon;
				FRAMEWORK_SEARCH_PATHS = (
					"$(inherited)",
					..,
					"$(PROJECT_DIR)",
				);
				INFOPLIST_FILE = "Demo-ObjC/Info.plist";
				LD_RUNPATH_SEARCH_PATHS = "$(inherited) @executable_path/Frameworks";
				PRODUCT_BUNDLE_IDENTIFIER = "com.twilio.ipmessaging.client.$(PRODUCT_NAME:rfc1034identifier)";
				PRODUCT_NAME = "$(TARGET_NAME)";
				USE_HEADERMAP = NO;
			};
			name = Debug;
		};
		58223ADC1B69571C00F0DF97 /* Release */ = {
			isa = XCBuildConfiguration;
			baseConfigurationReference = B6FE1248EEE2D5B206F967C4 /* Pods-Demo-ObjC.release.xcconfig */;
			buildSettings = {
				ASSETCATALOG_COMPILER_APPICON_NAME = AppIcon;
				FRAMEWORK_SEARCH_PATHS = (
					"$(inherited)",
					..,
					"$(PROJECT_DIR)",
				);
				INFOPLIST_FILE = "Demo-ObjC/Info.plist";
				LD_RUNPATH_SEARCH_PATHS = "$(inherited) @executable_path/Frameworks";
				PRODUCT_BUNDLE_IDENTIFIER = "com.twilio.ipmessaging.client.$(PRODUCT_NAME:rfc1034identifier)";
				PRODUCT_NAME = "$(TARGET_NAME)";
				USE_HEADERMAP = NO;
			};
			name = Release;
		};
/* End XCBuildConfiguration section */

/* Begin XCConfigurationList section */
		58223AB21B69571C00F0DF97 /* Build configuration list for PBXProject "IPMQuickstart" */ = {
			isa = XCConfigurationList;
			buildConfigurations = (
				58223AD81B69571C00F0DF97 /* Debug */,
				58223AD91B69571C00F0DF97 /* Release */,
			);
			defaultConfigurationIsVisible = 0;
			defaultConfigurationName = Release;
		};
		58223ADA1B69571C00F0DF97 /* Build configuration list for PBXNativeTarget "Demo-ObjC" */ = {
			isa = XCConfigurationList;
			buildConfigurations = (
				58223ADB1B69571C00F0DF97 /* Debug */,
				58223ADC1B69571C00F0DF97 /* Release */,
			);
			defaultConfigurationIsVisible = 0;
			defaultConfigurationName = Release;
		};
/* End XCConfigurationList section */
	};
	rootObject = 58223AAF1B69571C00F0DF97 /* Project object */;
}
